// !$*UTF8*$!
{
	archiveVersion = 1;
	classes = {
	};
	objectVersion = 46;
	objects = {

/* Begin PBXBuildFile section */
		4387C1051ADC8C4C00070604 /* AppDelegate.swift in Sources */ = {isa = PBXBuildFile; fileRef = 4387C1041ADC8C4C00070604 /* AppDelegate.swift */; };
		4387C10A1ADC8C4C00070604 /* Main.storyboard in Resources */ = {isa = PBXBuildFile; fileRef = 4387C1081ADC8C4C00070604 /* Main.storyboard */; };
		4387C10C1ADC8C4C00070604 /* Images.xcassets in Resources */ = {isa = PBXBuildFile; fileRef = 4387C10B1ADC8C4C00070604 /* Images.xcassets */; };
		4387C10F1ADC8C4C00070604 /* LaunchScreen.xib in Resources */ = {isa = PBXBuildFile; fileRef = 4387C10D1ADC8C4C00070604 /* LaunchScreen.xib */; };
		4387C11B1ADC8C4C00070604 /* GitHubToGoTests.swift in Sources */ = {isa = PBXBuildFile; fileRef = 4387C11A1ADC8C4C00070604 /* GitHubToGoTests.swift */; };
		4387C1251ADC8DF500070604 /* HomeViewController.swift in Sources */ = {isa = PBXBuildFile; fileRef = 4387C1241ADC8DF500070604 /* HomeViewController.swift */; };
		4387C1271ADC8FB200070604 /* RepoSearchViewController.swift in Sources */ = {isa = PBXBuildFile; fileRef = 4387C1261ADC8FB200070604 /* RepoSearchViewController.swift */; };
		4387C1291ADC906B00070604 /* Repository.swift in Sources */ = {isa = PBXBuildFile; fileRef = 4387C1281ADC906B00070604 /* Repository.swift */; };
		4387C12B1ADC914400070604 /* GitHubService.swift in Sources */ = {isa = PBXBuildFile; fileRef = 4387C12A1ADC914400070604 /* GitHubService.swift */; };
		4387C12D1ADC95C300070604 /* RepoJSONParser.swift in Sources */ = {isa = PBXBuildFile; fileRef = 4387C12C1ADC95C300070604 /* RepoJSONParser.swift */; };
		4387C12F1ADC9E1100070604 /* RepoSearchTableViewCell.swift in Sources */ = {isa = PBXBuildFile; fileRef = 4387C12E1ADC9E1100070604 /* RepoSearchTableViewCell.swift */; };
		4387C1611ADD71C300070604 /* UserSearchViewController.swift in Sources */ = {isa = PBXBuildFile; fileRef = 4387C1601ADD71C300070604 /* UserSearchViewController.swift */; };
		4387C1631ADD798C00070604 /* UserSearchCollectionViewCell.swift in Sources */ = {isa = PBXBuildFile; fileRef = 4387C1621ADD798C00070604 /* UserSearchCollectionViewCell.swift */; };
		4387C1651ADD7C7B00070604 /* User.swift in Sources */ = {isa = PBXBuildFile; fileRef = 4387C1641ADD7C7B00070604 /* User.swift */; };
		4387C1671ADD804700070604 /* UserJSONParser.swift in Sources */ = {isa = PBXBuildFile; fileRef = 4387C1661ADD804700070604 /* UserJSONParser.swift */; };
		4387C1691ADD89BF00070604 /* ImageService.swift in Sources */ = {isa = PBXBuildFile; fileRef = 4387C1681ADD89BF00070604 /* ImageService.swift */; };
		4387C16B1ADD8B6C00070604 /* ImageResizer.swift in Sources */ = {isa = PBXBuildFile; fileRef = 4387C16A1ADD8B6C00070604 /* ImageResizer.swift */; };
		4387C1701ADDA5C500070604 /* RepoDetailsViewController.swift in Sources */ = {isa = PBXBuildFile; fileRef = 4387C16F1ADDA5C500070604 /* RepoDetailsViewController.swift */; };
		4387C1721ADDB3CB00070604 /* GitHubKeys.swift in Sources */ = {isa = PBXBuildFile; fileRef = 4387C1711ADDB3CB00070604 /* GitHubKeys.swift */; };
		4387C1741ADDBA4800070604 /* LoginViewController.swift in Sources */ = {isa = PBXBuildFile; fileRef = 4387C1731ADDBA4800070604 /* LoginViewController.swift */; };
		4387C1761ADDBB1600070604 /* OAuthService.swift in Sources */ = {isa = PBXBuildFile; fileRef = 4387C1751ADDBB1600070604 /* OAuthService.swift */; };
/* End PBXBuildFile section */

/* Begin PBXContainerItemProxy section */
		4387C1151ADC8C4C00070604 /* PBXContainerItemProxy */ = {
			isa = PBXContainerItemProxy;
			containerPortal = 4387C0F71ADC8C4C00070604 /* Project object */;
			proxyType = 1;
			remoteGlobalIDString = 4387C0FE1ADC8C4C00070604;
			remoteInfo = GitHubToGo;
		};
/* End PBXContainerItemProxy section */

/* Begin PBXFileReference section */
		4387C0FF1ADC8C4C00070604 /* GitHubToGo.app */ = {isa = PBXFileReference; explicitFileType = wrapper.application; includeInIndex = 0; path = GitHubToGo.app; sourceTree = BUILT_PRODUCTS_DIR; };
		4387C1031ADC8C4C00070604 /* Info.plist */ = {isa = PBXFileReference; lastKnownFileType = text.plist.xml; path = Info.plist; sourceTree = "<group>"; };
		4387C1041ADC8C4C00070604 /* AppDelegate.swift */ = {isa = PBXFileReference; lastKnownFileType = sourcecode.swift; path = AppDelegate.swift; sourceTree = "<group>"; };
		4387C1091ADC8C4C00070604 /* Base */ = {isa = PBXFileReference; lastKnownFileType = file.storyboard; name = Base; path = Base.lproj/Main.storyboard; sourceTree = "<group>"; };
		4387C10B1ADC8C4C00070604 /* Images.xcassets */ = {isa = PBXFileReference; lastKnownFileType = folder.assetcatalog; path = Images.xcassets; sourceTree = "<group>"; };
		4387C10E1ADC8C4C00070604 /* Base */ = {isa = PBXFileReference; lastKnownFileType = file.xib; name = Base; path = Base.lproj/LaunchScreen.xib; sourceTree = "<group>"; };
		4387C1141ADC8C4C00070604 /* GitHubToGoTests.xctest */ = {isa = PBXFileReference; explicitFileType = wrapper.cfbundle; includeInIndex = 0; path = GitHubToGoTests.xctest; sourceTree = BUILT_PRODUCTS_DIR; };
		4387C1191ADC8C4C00070604 /* Info.plist */ = {isa = PBXFileReference; lastKnownFileType = text.plist.xml; path = Info.plist; sourceTree = "<group>"; };
		4387C11A1ADC8C4C00070604 /* GitHubToGoTests.swift */ = {isa = PBXFileReference; lastKnownFileType = sourcecode.swift; path = GitHubToGoTests.swift; sourceTree = "<group>"; };
		4387C1241ADC8DF500070604 /* HomeViewController.swift */ = {isa = PBXFileReference; fileEncoding = 4; lastKnownFileType = sourcecode.swift; path = HomeViewController.swift; sourceTree = "<group>"; };
		4387C1261ADC8FB200070604 /* RepoSearchViewController.swift */ = {isa = PBXFileReference; fileEncoding = 4; lastKnownFileType = sourcecode.swift; path = RepoSearchViewController.swift; sourceTree = "<group>"; };
		4387C1281ADC906B00070604 /* Repository.swift */ = {isa = PBXFileReference; fileEncoding = 4; lastKnownFileType = sourcecode.swift; path = Repository.swift; sourceTree = "<group>"; };
		4387C12A1ADC914400070604 /* GitHubService.swift */ = {isa = PBXFileReference; fileEncoding = 4; lastKnownFileType = sourcecode.swift; path = GitHubService.swift; sourceTree = "<group>"; };
		4387C12C1ADC95C300070604 /* RepoJSONParser.swift */ = {isa = PBXFileReference; fileEncoding = 4; lastKnownFileType = sourcecode.swift; path = RepoJSONParser.swift; sourceTree = "<group>"; };
		4387C12E1ADC9E1100070604 /* RepoSearchTableViewCell.swift */ = {isa = PBXFileReference; fileEncoding = 4; lastKnownFileType = sourcecode.swift; path = RepoSearchTableViewCell.swift; sourceTree = "<group>"; };
		4387C1601ADD71C300070604 /* UserSearchViewController.swift */ = {isa = PBXFileReference; fileEncoding = 4; lastKnownFileType = sourcecode.swift; path = UserSearchViewController.swift; sourceTree = "<group>"; };
		4387C1621ADD798C00070604 /* UserSearchCollectionViewCell.swift */ = {isa = PBXFileReference; fileEncoding = 4; lastKnownFileType = sourcecode.swift; path = UserSearchCollectionViewCell.swift; sourceTree = "<group>"; };
		4387C1641ADD7C7B00070604 /* User.swift */ = {isa = PBXFileReference; fileEncoding = 4; lastKnownFileType = sourcecode.swift; path = User.swift; sourceTree = "<group>"; };
		4387C1661ADD804700070604 /* UserJSONParser.swift */ = {isa = PBXFileReference; fileEncoding = 4; lastKnownFileType = sourcecode.swift; path = UserJSONParser.swift; sourceTree = "<group>"; };
		4387C1681ADD89BF00070604 /* ImageService.swift */ = {isa = PBXFileReference; fileEncoding = 4; lastKnownFileType = sourcecode.swift; path = ImageService.swift; sourceTree = "<group>"; };
		4387C16A1ADD8B6C00070604 /* ImageResizer.swift */ = {isa = PBXFileReference; fileEncoding = 4; lastKnownFileType = sourcecode.swift; path = ImageResizer.swift; sourceTree = "<group>"; };
		4387C16F1ADDA5C500070604 /* RepoDetailsViewController.swift */ = {isa = PBXFileReference; fileEncoding = 4; lastKnownFileType = sourcecode.swift; path = RepoDetailsViewController.swift; sourceTree = "<group>"; };
		4387C1711ADDB3CB00070604 /* GitHubKeys.swift */ = {isa = PBXFileReference; fileEncoding = 4; lastKnownFileType = sourcecode.swift; path = GitHubKeys.swift; sourceTree = "<group>"; };
		4387C1731ADDBA4800070604 /* LoginViewController.swift */ = {isa = PBXFileReference; fileEncoding = 4; lastKnownFileType = sourcecode.swift; path = LoginViewController.swift; sourceTree = "<group>"; };
		4387C1751ADDBB1600070604 /* OAuthService.swift */ = {isa = PBXFileReference; fileEncoding = 4; lastKnownFileType = sourcecode.swift; path = OAuthService.swift; sourceTree = "<group>"; };
/* End PBXFileReference section */

/* Begin PBXFrameworksBuildPhase section */
		4387C0FC1ADC8C4C00070604 /* Frameworks */ = {
			isa = PBXFrameworksBuildPhase;
			buildActionMask = 2147483647;
			files = (
			);
			runOnlyForDeploymentPostprocessing = 0;
		};
		4387C1111ADC8C4C00070604 /* Frameworks */ = {
			isa = PBXFrameworksBuildPhase;
			buildActionMask = 2147483647;
			files = (
			);
			runOnlyForDeploymentPostprocessing = 0;
		};
/* End PBXFrameworksBuildPhase section */

/* Begin PBXGroup section */
		4387C0F61ADC8C4C00070604 = {
			isa = PBXGroup;
			children = (
				4387C1011ADC8C4C00070604 /* GitHubToGo */,
				4387C1171ADC8C4C00070604 /* GitHubToGoTests */,
				4387C1001ADC8C4C00070604 /* Products */,
			);
			sourceTree = "<group>";
		};
		4387C1001ADC8C4C00070604 /* Products */ = {
			isa = PBXGroup;
			children = (
				4387C0FF1ADC8C4C00070604 /* GitHubToGo.app */,
				4387C1141ADC8C4C00070604 /* GitHubToGoTests.xctest */,
			);
			name = Products;
			sourceTree = "<group>";
		};
		4387C1011ADC8C4C00070604 /* GitHubToGo */ = {
			isa = PBXGroup;
			children = (
				4387C1041ADC8C4C00070604 /* AppDelegate.swift */,
				4387C16C1ADD9E5400070604 /* View */,
				4387C16D1ADD9E6300070604 /* Controller */,
				4387C16E1ADD9E7300070604 /* Model */,
				4387C10B1ADC8C4C00070604 /* Images.xcassets */,
				4387C10D1ADC8C4C00070604 /* LaunchScreen.xib */,
				4387C1021ADC8C4C00070604 /* Supporting Files */,
			);
			path = GitHubToGo;
			sourceTree = "<group>";
		};
		4387C1021ADC8C4C00070604 /* Supporting Files */ = {
			isa = PBXGroup;
			children = (
				4387C1031ADC8C4C00070604 /* Info.plist */,
			);
			name = "Supporting Files";
			sourceTree = "<group>";
		};
		4387C1171ADC8C4C00070604 /* GitHubToGoTests */ = {
			isa = PBXGroup;
			children = (
				4387C11A1ADC8C4C00070604 /* GitHubToGoTests.swift */,
				4387C1181ADC8C4C00070604 /* Supporting Files */,
			);
			path = GitHubToGoTests;
			sourceTree = "<group>";
		};
		4387C1181ADC8C4C00070604 /* Supporting Files */ = {
			isa = PBXGroup;
			children = (
				4387C1191ADC8C4C00070604 /* Info.plist */,
			);
			name = "Supporting Files";
			sourceTree = "<group>";
		};
		4387C16C1ADD9E5400070604 /* View */ = {
			isa = PBXGroup;
			children = (
				4387C1081ADC8C4C00070604 /* Main.storyboard */,
				4387C12E1ADC9E1100070604 /* RepoSearchTableViewCell.swift */,
				4387C1621ADD798C00070604 /* UserSearchCollectionViewCell.swift */,
				4387C1751ADDBB1600070604 /* OAuthService.swift */,
			);
			name = View;
			sourceTree = "<group>";
		};
		4387C16D1ADD9E6300070604 /* Controller */ = {
			isa = PBXGroup;
			children = (
				4387C1731ADDBA4800070604 /* LoginViewController.swift */,
				4387C1601ADD71C300070604 /* UserSearchViewController.swift */,
				4387C1261ADC8FB200070604 /* RepoSearchViewController.swift */,
				4387C16F1ADDA5C500070604 /* RepoDetailsViewController.swift */,
				4387C1241ADC8DF500070604 /* HomeViewController.swift */,
			);
			name = Controller;
			sourceTree = "<group>";
		};
		4387C16E1ADD9E7300070604 /* Model */ = {
			isa = PBXGroup;
			children = (
				4387C1711ADDB3CB00070604 /* GitHubKeys.swift */,
				4387C16A1ADD8B6C00070604 /* ImageResizer.swift */,
				4387C1681ADD89BF00070604 /* ImageService.swift */,
				4387C1281ADC906B00070604 /* Repository.swift */,
				4387C1641ADD7C7B00070604 /* User.swift */,
				4387C12A1ADC914400070604 /* GitHubService.swift */,
				4387C12C1ADC95C300070604 /* RepoJSONParser.swift */,
				4387C1661ADD804700070604 /* UserJSONParser.swift */,
			);
			name = Model;
			sourceTree = "<group>";
		};
/* End PBXGroup section */

/* Begin PBXNativeTarget section */
		4387C0FE1ADC8C4C00070604 /* GitHubToGo */ = {
			isa = PBXNativeTarget;
			buildConfigurationList = 4387C11E1ADC8C4C00070604 /* Build configuration list for PBXNativeTarget "GitHubToGo" */;
			buildPhases = (
				4387C0FB1ADC8C4C00070604 /* Sources */,
				4387C0FC1ADC8C4C00070604 /* Frameworks */,
				4387C0FD1ADC8C4C00070604 /* Resources */,
			);
			buildRules = (
			);
			dependencies = (
			);
			name = GitHubToGo;
			productName = GitHubToGo;
			productReference = 4387C0FF1ADC8C4C00070604 /* GitHubToGo.app */;
			productType = "com.apple.product-type.application";
		};
		4387C1131ADC8C4C00070604 /* GitHubToGoTests */ = {
			isa = PBXNativeTarget;
			buildConfigurationList = 4387C1211ADC8C4C00070604 /* Build configuration list for PBXNativeTarget "GitHubToGoTests" */;
			buildPhases = (
				4387C1101ADC8C4C00070604 /* Sources */,
				4387C1111ADC8C4C00070604 /* Frameworks */,
				4387C1121ADC8C4C00070604 /* Resources */,
			);
			buildRules = (
			);
			dependencies = (
				4387C1161ADC8C4C00070604 /* PBXTargetDependency */,
			);
			name = GitHubToGoTests;
			productName = GitHubToGoTests;
			productReference = 4387C1141ADC8C4C00070604 /* GitHubToGoTests.xctest */;
			productType = "com.apple.product-type.bundle.unit-test";
		};
/* End PBXNativeTarget section */

/* Begin PBXProject section */
		4387C0F71ADC8C4C00070604 /* Project object */ = {
			isa = PBXProject;
			attributes = {
				LastUpgradeCheck = 0630;
				ORGANIZATIONNAME = jnagel;
				TargetAttributes = {
					4387C0FE1ADC8C4C00070604 = {
						CreatedOnToolsVersion = 6.3;
					};
					4387C1131ADC8C4C00070604 = {
						CreatedOnToolsVersion = 6.3;
						TestTargetID = 4387C0FE1ADC8C4C00070604;
					};
				};
			};
			buildConfigurationList = 4387C0FA1ADC8C4C00070604 /* Build configuration list for PBXProject "GitHubToGo" */;
			compatibilityVersion = "Xcode 3.2";
			developmentRegion = English;
			hasScannedForEncodings = 0;
			knownRegions = (
				en,
				Base,
			);
			mainGroup = 4387C0F61ADC8C4C00070604;
			productRefGroup = 4387C1001ADC8C4C00070604 /* Products */;
			projectDirPath = "";
			projectRoot = "";
			targets = (
				4387C0FE1ADC8C4C00070604 /* GitHubToGo */,
				4387C1131ADC8C4C00070604 /* GitHubToGoTests */,
			);
		};
/* End PBXProject section */

/* Begin PBXResourcesBuildPhase section */
		4387C0FD1ADC8C4C00070604 /* Resources */ = {
			isa = PBXResourcesBuildPhase;
			buildActionMask = 2147483647;
			files = (
				4387C10A1ADC8C4C00070604 /* Main.storyboard in Resources */,
				4387C10F1ADC8C4C00070604 /* LaunchScreen.xib in Resources */,
				4387C10C1ADC8C4C00070604 /* Images.xcassets in Resources */,
			);
			runOnlyForDeploymentPostprocessing = 0;
		};
		4387C1121ADC8C4C00070604 /* Resources */ = {
			isa = PBXResourcesBuildPhase;
			buildActionMask = 2147483647;
			files = (
			);
			runOnlyForDeploymentPostprocessing = 0;
		};
/* End PBXResourcesBuildPhase section */

/* Begin PBXSourcesBuildPhase section */
		4387C0FB1ADC8C4C00070604 /* Sources */ = {
			isa = PBXSourcesBuildPhase;
			buildActionMask = 2147483647;
			files = (
				4387C1721ADDB3CB00070604 /* GitHubKeys.swift in Sources */,
				4387C12D1ADC95C300070604 /* RepoJSONParser.swift in Sources */,
				4387C1631ADD798C00070604 /* UserSearchCollectionViewCell.swift in Sources */,
				4387C12B1ADC914400070604 /* GitHubService.swift in Sources */,
				4387C1051ADC8C4C00070604 /* AppDelegate.swift in Sources */,
				4387C1251ADC8DF500070604 /* HomeViewController.swift in Sources */,
				4387C1691ADD89BF00070604 /* ImageService.swift in Sources */,
				4387C1271ADC8FB200070604 /* RepoSearchViewController.swift in Sources */,
				4387C1611ADD71C300070604 /* UserSearchViewController.swift in Sources */,
				4387C1291ADC906B00070604 /* Repository.swift in Sources */,
				4387C1651ADD7C7B00070604 /* User.swift in Sources */,
				4387C1671ADD804700070604 /* UserJSONParser.swift in Sources */,
				4387C1741ADDBA4800070604 /* LoginViewController.swift in Sources */,
				4387C16B1ADD8B6C00070604 /* ImageResizer.swift in Sources */,
				4387C12F1ADC9E1100070604 /* RepoSearchTableViewCell.swift in Sources */,
				4387C1701ADDA5C500070604 /* RepoDetailsViewController.swift in Sources */,
				4387C1761ADDBB1600070604 /* OAuthService.swift in Sources */,
			);
			runOnlyForDeploymentPostprocessing = 0;
		};
		4387C1101ADC8C4C00070604 /* Sources */ = {
			isa = PBXSourcesBuildPhase;
			buildActionMask = 2147483647;
			files = (
				4387C11B1ADC8C4C00070604 /* GitHubToGoTests.swift in Sources */,
			);
			runOnlyForDeploymentPostprocessing = 0;
		};
/* End PBXSourcesBuildPhase section */

/* Begin PBXTargetDependency section */
		4387C1161ADC8C4C00070604 /* PBXTargetDependency */ = {
			isa = PBXTargetDependency;
			target = 4387C0FE1ADC8C4C00070604 /* GitHubToGo */;
			targetProxy = 4387C1151ADC8C4C00070604 /* PBXContainerItemProxy */;
		};
/* End PBXTargetDependency section */

/* Begin PBXVariantGroup section */
		4387C1081ADC8C4C00070604 /* Main.storyboard */ = {
			isa = PBXVariantGroup;
			children = (
				4387C1091ADC8C4C00070604 /* Base */,
			);
			name = Main.storyboard;
			sourceTree = "<group>";
		};
		4387C10D1ADC8C4C00070604 /* LaunchScreen.xib */ = {
			isa = PBXVariantGroup;
			children = (
				4387C10E1ADC8C4C00070604 /* Base */,
			);
			name = LaunchScreen.xib;
			sourceTree = "<group>";
		};
/* End PBXVariantGroup section */

/* Begin XCBuildConfiguration section */
		4387C11C1ADC8C4C00070604 /* Debug */ = {
			isa = XCBuildConfiguration;
			buildSettings = {
				ALWAYS_SEARCH_USER_PATHS = NO;
				CLANG_CXX_LANGUAGE_STANDARD = "gnu++0x";
				CLANG_CXX_LIBRARY = "libc++";
				CLANG_ENABLE_MODULES = YES;
				CLANG_ENABLE_OBJC_ARC = YES;
				CLANG_WARN_BOOL_CONVERSION = YES;
				CLANG_WARN_CONSTANT_CONVERSION = YES;
				CLANG_WARN_DIRECT_OBJC_ISA_USAGE = YES_ERROR;
				CLANG_WARN_EMPTY_BODY = YES;
				CLANG_WARN_ENUM_CONVERSION = YES;
				CLANG_WARN_INT_CONVERSION = YES;
				CLANG_WARN_OBJC_ROOT_CLASS = YES_ERROR;
				CLANG_WARN_UNREACHABLE_CODE = YES;
				CLANG_WARN__DUPLICATE_METHOD_MATCH = YES;
				"CODE_SIGN_IDENTITY[sdk=iphoneos*]" = "iPhone Developer";
				COPY_PHASE_STRIP = NO;
				DEBUG_INFORMATION_FORMAT = "dwarf-with-dsym";
				ENABLE_STRICT_OBJC_MSGSEND = YES;
				GCC_C_LANGUAGE_STANDARD = gnu99;
				GCC_DYNAMIC_NO_PIC = NO;
				GCC_NO_COMMON_BLOCKS = YES;
				GCC_OPTIMIZATION_LEVEL = 0;
				GCC_PREPROCESSOR_DEFINITIONS = (
					"DEBUG=1",
					"$(inherited)",
				);
				GCC_SYMBOLS_PRIVATE_EXTERN = NO;
				GCC_WARN_64_TO_32_BIT_CONVERSION = YES;
				GCC_WARN_ABOUT_RETURN_TYPE = YES_ERROR;
				GCC_WARN_UNDECLARED_SELECTOR = YES;
				GCC_WARN_UNINITIALIZED_AUTOS = YES_AGGRESSIVE;
				GCC_WARN_UNUSED_FUNCTION = YES;
				GCC_WARN_UNUSED_VARIABLE = YES;
				IPHONEOS_DEPLOYMENT_TARGET = 8.3;
				MTL_ENABLE_DEBUG_INFO = YES;
				ONLY_ACTIVE_ARCH = YES;
				SDKROOT = iphoneos;
				SWIFT_OPTIMIZATION_LEVEL = "-Onone";
				TARGETED_DEVICE_FAMILY = "1,2";
			};
			name = Debug;
		};
		4387C11D1ADC8C4C00070604 /* Release */ = {
			isa = XCBuildConfiguration;
			buildSettings = {
				ALWAYS_SEARCH_USER_PATHS = NO;
				CLANG_CXX_LANGUAGE_STANDARD = "gnu++0x";
				CLANG_CXX_LIBRARY = "libc++";
				CLANG_ENABLE_MODULES = YES;
				CLANG_ENABLE_OBJC_ARC = YES;
				CLANG_WARN_BOOL_CONVERSION = YES;
				CLANG_WARN_CONSTANT_CONVERSION = YES;
				CLANG_WARN_DIRECT_OBJC_ISA_USAGE = YES_ERROR;
				CLANG_WARN_EMPTY_BODY = YES;
				CLANG_WARN_ENUM_CONVERSION = YES;
				CLANG_WARN_INT_CONVERSION = YES;
				CLANG_WARN_OBJC_ROOT_CLASS = YES_ERROR;
				CLANG_WARN_UNREACHABLE_CODE = YES;
				CLANG_WARN__DUPLICATE_METHOD_MATCH = YES;
				"CODE_SIGN_IDENTITY[sdk=iphoneos*]" = "iPhone Developer";
				COPY_PHASE_STRIP = NO;
				DEBUG_INFORMATION_FORMAT = "dwarf-with-dsym";
				ENABLE_NS_ASSERTIONS = NO;
				ENABLE_STRICT_OBJC_MSGSEND = YES;
				GCC_C_LANGUAGE_STANDARD = gnu99;
				GCC_NO_COMMON_BLOCKS = YES;
				GCC_WARN_64_TO_32_BIT_CONVERSION = YES;
				GCC_WARN_ABOUT_RETURN_TYPE = YES_ERROR;
				GCC_WARN_UNDECLARED_SELECTOR = YES;
				GCC_WARN_UNINITIALIZED_AUTOS = YES_AGGRESSIVE;
				GCC_WARN_UNUSED_FUNCTION = YES;
				GCC_WARN_UNUSED_VARIABLE = YES;
				IPHONEOS_DEPLOYMENT_TARGET = 8.3;
				MTL_ENABLE_DEBUG_INFO = NO;
				SDKROOT = iphoneos;
				TARGETED_DEVICE_FAMILY = "1,2";
				VALIDATE_PRODUCT = YES;
			};
			name = Release;
		};
		4387C11F1ADC8C4C00070604 /* Debug */ = {
			isa = XCBuildConfiguration;
			buildSettings = {
				ASSETCATALOG_COMPILER_APPICON_NAME = AppIcon;
				INFOPLIST_FILE = GitHubToGo/Info.plist;
				LD_RUNPATH_SEARCH_PATHS = "$(inherited) @executable_path/Frameworks";
				PRODUCT_NAME = "$(TARGET_NAME)";
			};
			name = Debug;
		};
		4387C1201ADC8C4C00070604 /* Release */ = {
			isa = XCBuildConfiguration;
			buildSettings = {
				ASSETCATALOG_COMPILER_APPICON_NAME = AppIcon;
				INFOPLIST_FILE = GitHubToGo/Info.plist;
				LD_RUNPATH_SEARCH_PATHS = "$(inherited) @executable_path/Frameworks";
				PRODUCT_NAME = "$(TARGET_NAME)";
			};
			name = Release;
		};
		4387C1221ADC8C4C00070604 /* Debug */ = {
			isa = XCBuildConfiguration;
			buildSettings = {
				BUNDLE_LOADER = "$(TEST_HOST)";
				FRAMEWORK_SEARCH_PATHS = (
					"$(SDKROOT)/Developer/Library/Frameworks",
					"$(inherited)",
				);
				GCC_PREPROCESSOR_DEFINITIONS = (
					"DEBUG=1",
					"$(inherited)",
				);
				INFOPLIST_FILE = GitHubToGoTests/Info.plist;
				LD_RUNPATH_SEARCH_PATHS = "$(inherited) @executable_path/Frameworks @loader_path/Frameworks";
				PRODUCT_NAME = "$(TARGET_NAME)";
				TEST_HOST = "$(BUILT_PRODUCTS_DIR)/GitHubToGo.app/GitHubToGo";
			};
			name = Debug;
		};
		4387C1231ADC8C4C00070604 /* Release */ = {
			isa = XCBuildConfiguration;
			buildSettings = {
				BUNDLE_LOADER = "$(TEST_HOST)";
				FRAMEWORK_SEARCH_PATHS = (
					"$(SDKROOT)/Developer/Library/Frameworks",
					"$(inherited)",
				);
				INFOPLIST_FILE = GitHubToGoTests/Info.plist;
				LD_RUNPATH_SEARCH_PATHS = "$(inherited) @executable_path/Frameworks @loader_path/Frameworks";
				PRODUCT_NAME = "$(TARGET_NAME)";
				TEST_HOST = "$(BUILT_PRODUCTS_DIR)/GitHubToGo.app/GitHubToGo";
			};
			name = Release;
		};
/* End XCBuildConfiguration section */

/* Begin XCConfigurationList section */
		4387C0FA1ADC8C4C00070604 /* Build configuration list for PBXProject "GitHubToGo" */ = {
			isa = XCConfigurationList;
			buildConfigurations = (
				4387C11C1ADC8C4C00070604 /* Debug */,
				4387C11D1ADC8C4C00070604 /* Release */,
			);
			defaultConfigurationIsVisible = 0;
			defaultConfigurationName = Release;
		};
		4387C11E1ADC8C4C00070604 /* Build configuration list for PBXNativeTarget "GitHubToGo" */ = {
			isa = XCConfigurationList;
			buildConfigurations = (
				4387C11F1ADC8C4C00070604 /* Debug */,
				4387C1201ADC8C4C00070604 /* Release */,
			);
			defaultConfigurationIsVisible = 0;
			defaultConfigurationName = Release;
		};
		4387C1211ADC8C4C00070604 /* Build configuration list for PBXNativeTarget "GitHubToGoTests" */ = {
			isa = XCConfigurationList;
			buildConfigurations = (
				4387C1221ADC8C4C00070604 /* Debug */,
				4387C1231ADC8C4C00070604 /* Release */,
			);
			defaultConfigurationIsVisible = 0;
			defaultConfigurationName = Release;
		};
/* End XCConfigurationList section */
	};
	rootObject = 4387C0F71ADC8C4C00070604 /* Project object */;
}
